version = 1
revision = 1
requires-python = "==3.13.*"

[[package]]
name = "annotated-types"
version = "0.7.0"
source = { registry = "https://pypi.org/simple" }
sdist = { url = "https://files.pythonhosted.org/packages/ee/67/531ea369ba64dcff5ec9c3402f9f51bf748cec26dde048a2f973a4eea7f5/annotated_types-0.7.0.tar.gz", hash = "sha256:aff07c09a53a08bc8cfccb9c85b05f1aa9a2a6f23728d790723543408344ce89", size = 16081 }
wheels = [
    { url = "https://files.pythonhosted.org/packages/78/b6/6307fbef88d9b5ee7421e68d78a9f162e0da4900bc5f5793f6d3d0e34fb8/annotated_types-0.7.0-py3-none-any.whl", hash = "sha256:1f02e8b43a8fbbc3f3e0d4f0f4bfc8131bcb4eebe8849b8e5c773f3a1c582a53", size = 13643 },
]

[[package]]
name = "anyio"
version = "4.12.1"
source = { registry = "https://pypi.org/simple" }
dependencies = [
    { name = "idna" },
]
sdist = { url = "https://files.pythonhosted.org/packages/96/f0/5eb65b2bb0d09ac6776f2eb54adee6abe8228ea05b20a5ad0e4945de8aac/anyio-4.12.1.tar.gz", hash = "sha256:41cfcc3a4c85d3f05c932da7c26d0201ac36f72abd4435ba90d0464a3ffed703", size = 228685 }
wheels = [
    { url = "https://files.pythonhosted.org/packages/38/0e/27be9fdef66e72d64c0cdc3cc2823101b80585f8119b5c112c2e8f5f7dab/anyio-4.12.1-py3-none-any.whl", hash = "sha256:d405828884fc140aa80a3c667b8beed277f1dfedec42ba031bd6ac3db606ab6c", size = 113592 },
]

[[package]]
name = "bandit"
version = "1.9.3"
source = { registry = "https://pypi.org/simple" }
dependencies = [
    { name = "colorama", marker = "sys_platform == 'win32'" },
    { name = "pyyaml" },
    { name = "rich" },
    { name = "stevedore" },
]
sdist = { url = "https://files.pythonhosted.org/packages/89/76/a7f3e639b78601118aaa4a394db2c66ae2597fbd8c39644c32874ed11e0c/bandit-1.9.3.tar.gz", hash = "sha256:ade4b9b7786f89ef6fc7344a52b34558caec5da74cb90373aed01de88472f774", size = 4242154 }
wheels = [
    { url = "https://files.pythonhosted.org/packages/e0/0b/8bdc52111c83e2dc2f97403dc87c0830b8989d9ae45732b34b686326fb2c/bandit-1.9.3-py3-none-any.whl", hash = "sha256:4745917c88d2246def79748bde5e08b9d5e9b92f877863d43fab70cd8814ce6a", size = 134451 },
]

[[package]]
name = "black"
version = "24.10.0"
source = { registry = "https://pypi.org/simple" }
dependencies = [
    { name = "click" },
    { name = "mypy-extensions" },
    { name = "packaging" },
    { name = "pathspec" },
    { name = "platformdirs" },
]
sdist = { url = "https://files.pythonhosted.org/packages/d8/0d/cc2fb42b8c50d80143221515dd7e4766995bd07c56c9a3ed30baf080b6dc/black-24.10.0.tar.gz", hash = "sha256:846ea64c97afe3bc677b761787993be4991810ecc7a4a937816dd6bddedc4875", size = 645813 }
wheels = [
    { url = "https://files.pythonhosted.org/packages/d0/a0/a993f58d4ecfba035e61fca4e9f64a2ecae838fc9f33ab798c62173ed75c/black-24.10.0-cp313-cp313-macosx_10_13_x86_64.whl", hash = "sha256:1cbacacb19e922a1d75ef2b6ccaefcd6e93a2c05ede32f06a21386a04cedb981", size = 1643986 },
    { url = "https://files.pythonhosted.org/packages/37/d5/602d0ef5dfcace3fb4f79c436762f130abd9ee8d950fa2abdbf8bbc555e0/black-24.10.0-cp313-cp313-macosx_11_0_arm64.whl", hash = "sha256:1f93102e0c5bb3907451063e08b9876dbeac810e7da5a8bfb7aeb5a9ef89066b", size = 1448085 },
    { url = "https://files.pythonhosted.org/packages/47/6d/a3a239e938960df1a662b93d6230d4f3e9b4a22982d060fc38c42f45a56b/black-24.10.0-cp313-cp313-manylinux_2_17_x86_64.manylinux2014_x86_64.manylinux_2_28_x86_64.whl", hash = "sha256:ddacb691cdcdf77b96f549cf9591701d8db36b2f19519373d60d31746068dbf2", size = 1760928 },
    { url = "https://files.pythonhosted.org/packages/dd/cf/af018e13b0eddfb434df4d9cd1b2b7892bab119f7a20123e93f6910982e8/black-24.10.0-cp313-cp313-win_amd64.whl", hash = "sha256:680359d932801c76d2e9c9068d05c6b107f2584b2a5b88831c83962eb9984c1b", size = 1436875 },
    { url = "https://files.pythonhosted.org/packages/8d/a7/4b27c50537ebca8bec139b872861f9d2bf501c5ec51fcf897cb924d9e264/black-24.10.0-py3-none-any.whl", hash = "sha256:3bb2b7a1f7b685f85b11fed1ef10f8a9148bceb49853e47a294a3dd963c1dd7d", size = 206898 },
]

[[package]]
name = "certifi"
version = "2026.1.4"
source = { registry = "https://pypi.org/simple" }
sdist = { url = "https://files.pythonhosted.org/packages/e0/2d/a891ca51311197f6ad14a7ef42e2399f36cf2f9bd44752b3dc4eab60fdc5/certifi-2026.1.4.tar.gz", hash = "sha256:ac726dd470482006e014ad384921ed6438c457018f4b3d204aea4281258b2120", size = 154268 }
wheels = [
    { url = "https://files.pythonhosted.org/packages/e6/ad/3cc14f097111b4de0040c83a525973216457bbeeb63739ef1ed275c1c021/certifi-2026.1.4-py3-none-any.whl", hash = "sha256:9943707519e4add1115f44c2bc244f782c0249876bf51b6599fee1ffbedd685c", size = 152900 },
]

[[package]]
name = "click"
version = "8.3.1"
source = { registry = "https://pypi.org/simple" }
dependencies = [
    { name = "colorama", marker = "sys_platform == 'win32'" },
]
sdist = { url = "https://files.pythonhosted.org/packages/3d/fa/656b739db8587d7b5dfa22e22ed02566950fbfbcdc20311993483657a5c0/click-8.3.1.tar.gz", hash = "sha256:12ff4785d337a1bb490bb7e9c2b1ee5da3112e94a8622f26a6c77f5d2fc6842a", size = 295065 }
wheels = [
    { url = "https://files.pythonhosted.org/packages/98/78/01c019cdb5d6498122777c1a43056ebb3ebfeef2076d9d026bfe15583b2b/click-8.3.1-py3-none-any.whl", hash = "sha256:981153a64e25f12d547d3426c367a4857371575ee7ad18df2a6183ab0545b2a6", size = 108274 },
]

[[package]]
name = "code-review-agent"
version = "0.1.0"
source = { editable = "." }
dependencies = [
    { name = "httpx" },
    { name = "pydantic" },
    { name = "python-dotenv" },
    { name = "typer" },
]

[package.optional-dependencies]
dev = [
    { name = "bandit" },
    { name = "black" },
    { name = "pytest" },
    { name = "pytest-cov" },
    { name = "ruff" },
]

[package.metadata]
requires-dist = [
    { name = "bandit", marker = "extra == 'dev'", specifier = ">=1.8.2,<2.0.0" },
    { name = "black", marker = "extra == 'dev'", specifier = ">=24.10.0,<25.0.0" },
    { name = "httpx", specifier = ">=0.27.2,<0.29.0" },
    { name = "pydantic", specifier = ">=2.10.6,<3.0.0" },
    { name = "pytest", marker = "extra == 'dev'", specifier = ">=8.3.4,<9.0.0" },
    { name = "pytest-cov", marker = "extra == 'dev'", specifier = ">=6.0.0,<7.0.0" },
    { name = "python-dotenv", specifier = ">=1.0.1,<2.0.0" },
    { name = "ruff", marker = "extra == 'dev'", specifier = ">=0.9.10,<0.11.0" },
    { name = "typer", specifier = ">=0.15.1,<1.0.0" },
]
provides-extras = ["dev"]

[[package]]
name = "colorama"
version = "0.4.6"
source = { registry = "https://pypi.org/simple" }
sdist = { url = "https://files.pythonhosted.org/packages/d8/53/6f443c9a4a8358a93a6792e2acffb9d9d5cb0a5cfd8802644b7b1c9a02e4/colorama-0.4.6.tar.gz", hash = "sha256:08695f5cb7ed6e0531a20572697297273c47b8cae5a63ffc6d6ed5c201be6e44", size = 27697 }
wheels = [
    { url = "https://files.pythonhosted.org/packages/d1/d6/3965ed04c63042e047cb6a3e6ed1a63a35087b6a609aa3a15ed8ac56c221/colorama-0.4.6-py2.py3-none-any.whl", hash = "sha256:4f1d9991f5acc0ca119f9d443620b77f9d6b33703e51011c16baf57afb285fc6", size = 25335 },
]

[[package]]
name = "coverage"
version = "7.13.3"
source = { registry = "https://pypi.org/simple" }
sdist = { url = "https://files.pythonhosted.org/packages/11/43/3e4ac666cc35f231fa70c94e9f38459299de1a152813f9d2f60fc5f3ecaf/coverage-7.13.3.tar.gz", hash = "sha256:f7f6182d3dfb8802c1747eacbfe611b669455b69b7c037484bb1efbbb56711ac", size = 826832 }
wheels = [
    { url = "https://files.pythonhosted.org/packages/81/f3/4c333da7b373e8c8bfb62517e8174a01dcc373d7a9083698e3b39d50d59c/coverage-7.13.3-cp313-cp313-macosx_10_13_x86_64.whl", hash = "sha256:853c3d3c79ff0db65797aad79dee6be020efd218ac4510f15a205f1e8d13ce25", size = 219468 },
    { url = "https://files.pythonhosted.org/packages/d6/31/0714337b7d23630c8de2f4d56acf43c65f8728a45ed529b34410683f7217/coverage-7.13.3-cp313-cp313-macosx_11_0_arm64.whl", hash = "sha256:f75695e157c83d374f88dcc646a60cb94173304a9258b2e74ba5a66b7614a51a", size = 219839 },
    { url = "https://files.pythonhosted.org/packages/12/99/bd6f2a2738144c98945666f90cae446ed870cecf0421c767475fcf42cdbe/coverage-7.13.3-cp313-cp313-manylinux1_i686.manylinux_2_28_i686.manylinux_2_5_i686.whl", hash = "sha256:2d098709621d0819039f3f1e471ee554f55a0b2ac0d816883c765b14129b5627", size = 250828 },
    { url = "https://files.pythonhosted.org/packages/6f/99/97b600225fbf631e6f5bfd3ad5bcaf87fbb9e34ff87492e5a572ff01bbe2/coverage-7.13.3-cp313-cp313-manylinux1_x86_64.manylinux_2_28_x86_64.manylinux_2_5_x86_64.whl", hash = "sha256:16d23d6579cf80a474ad160ca14d8b319abaa6db62759d6eef53b2fc979b58c8", size = 253432 },
    { url = "https://files.pythonhosted.org/packages/5f/5c/abe2b3490bda26bd4f5e3e799be0bdf00bd81edebedc2c9da8d3ef288fa8/coverage-7.13.3-cp313-cp313-manylinux2014_aarch64.manylinux_2_17_aarch64.manylinux_2_28_aarch64.whl", hash = "sha256:00d34b29a59d2076e6f318b30a00a69bf63687e30cd882984ed444e753990cc1", size = 254672 },
    { url = "https://files.pythonhosted.org/packages/31/ba/5d1957c76b40daff53971fe0adb84d9c2162b614280031d1d0653dd010c1/coverage-7.13.3-cp313-cp313-manylinux_2_31_riscv64.manylinux_2_39_riscv64.whl", hash = "sha256:ab6d72bffac9deb6e6cb0f61042e748de3f9f8e98afb0375a8e64b0b6e11746b", size = 251050 },
    { url = "https://files.pythonhosted.org/packages/69/dc/dffdf3bfe9d32090f047d3c3085378558cb4eb6778cda7de414ad74581ed/coverage-7.13.3-cp313-cp313-musllinux_1_2_aarch64.whl", hash = "sha256:e129328ad1258e49cae0123a3b5fcb93d6c2fa90d540f0b4c7cdcdc019aaa3dc", size = 252801 },
    { url = "https://files.pythonhosted.org/packages/87/51/cdf6198b0f2746e04511a30dc9185d7b8cdd895276c07bdb538e37f1cd50/coverage-7.13.3-cp313-cp313-musllinux_1_2_i686.whl", hash = "sha256:2213a8d88ed35459bda71597599d4eec7c2ebad201c88f0bfc2c26fd9b0dd2ea", size = 250763 },
    { url = "https://files.pythonhosted.org/packages/d7/1a/596b7d62218c1d69f2475b69cc6b211e33c83c902f38ee6ae9766dd422da/coverage-7.13.3-cp313-cp313-musllinux_1_2_riscv64.whl", hash = "sha256:00dd3f02de6d5f5c9c3d95e3e036c3c2e2a669f8bf2d3ceb92505c4ce7838f67", size = 250587 },
    { url = "https://files.pythonhosted.org/packages/f7/46/52330d5841ff660f22c130b75f5e1dd3e352c8e7baef5e5fef6b14e3e991/coverage-7.13.3-cp313-cp313-musllinux_1_2_x86_64.whl", hash = "sha256:f9bada7bc660d20b23d7d312ebe29e927b655cf414dadcdb6335a2075695bd86", size = 252358 },
    { url = "https://files.pythonhosted.org/packages/36/8a/e69a5be51923097ba7d5cff9724466e74fe486e9232020ba97c809a8b42b/coverage-7.13.3-cp313-cp313-win32.whl", hash = "sha256:75b3c0300f3fa15809bd62d9ca8b170eb21fcf0100eb4b4154d6dc8b3a5bbd43", size = 222007 },
    { url = "https://files.pythonhosted.org/packages/0a/09/a5a069bcee0d613bdd48ee7637fa73bc09e7ed4342b26890f2df97cc9682/coverage-7.13.3-cp313-cp313-win_amd64.whl", hash = "sha256:a2f7589c6132c44c53f6e705e1a6677e2b7821378c22f7703b2cf5388d0d4587", size = 222812 },
    { url = "https://files.pythonhosted.org/packages/3d/4f/d62ad7dfe32f9e3d4a10c178bb6f98b10b083d6e0530ca202b399371f6c1/coverage-7.13.3-cp313-cp313-win_arm64.whl", hash = "sha256:123ceaf2b9d8c614f01110f908a341e05b1b305d6b2ada98763b9a5a59756051", size = 221433 },
    { url = "https://files.pythonhosted.org/packages/04/b2/4876c46d723d80b9c5b695f1a11bf5f7c3dabf540ec00d6edc076ff025e6/coverage-7.13.3-cp313-cp313t-macosx_10_13_x86_64.whl", hash = "sha256:cc7fd0f726795420f3678ac82ff882c7fc33770bd0074463b5aef7293285ace9", size = 220162 },
    { url = "https://files.pythonhosted.org/packages/fc/04/9942b64a0e0bdda2c109f56bda42b2a59d9d3df4c94b85a323c1cae9fc77/coverage-7.13.3-cp313-cp313t-macosx_11_0_arm64.whl", hash = "sha256:d358dc408edc28730aed5477a69338e444e62fba0b7e9e4a131c505fadad691e", size = 220510 },
    { url = "https://files.pythonhosted.org/packages/5a/82/5cfe1e81eae525b74669f9795f37eb3edd4679b873d79d1e6c1c14ee6c1c/coverage-7.13.3-cp313-cp313t-manylinux1_i686.manylinux_2_28_i686.manylinux_2_5_i686.whl", hash = "sha256:5d67b9ed6f7b5527b209b24b3df9f2e5bf0198c1bbf99c6971b0e2dcb7e2a107", size = 261801 },
    { url = "https://files.pythonhosted.org/packages/0b/ec/a553d7f742fd2cd12e36a16a7b4b3582d5934b496ef2b5ea8abeb10903d4/coverage-7.13.3-cp313-cp313t-manylinux1_x86_64.manylinux_2_28_x86_64.manylinux_2_5_x86_64.whl", hash = "sha256:59224bfb2e9b37c1335ae35d00daa3a5b4e0b1a20f530be208fff1ecfa436f43", size = 263882 },
    { url = "https://files.pythonhosted.org/packages/e1/58/8f54a2a93e3d675635bc406de1c9ac8d551312142ff52c9d71b5e533ad45/coverage-7.13.3-cp313-cp313t-manylinux2014_aarch64.manylinux_2_17_aarch64.manylinux_2_28_aarch64.whl", hash = "sha256:ae9306b5299e31e31e0d3b908c66bcb6e7e3ddca143dea0266e9ce6c667346d3", size = 266306 },
    { url = "https://files.pythonhosted.org/packages/1a/be/e593399fd6ea1f00aee79ebd7cc401021f218d34e96682a92e1bae092ff6/coverage-7.13.3-cp313-cp313t-manylinux_2_31_riscv64.manylinux_2_39_riscv64.whl", hash = "sha256:343aaeb5f8bb7bcd38620fd7bc56e6ee8207847d8c6103a1e7b72322d381ba4a", size = 261051 },
    { url = "https://files.pythonhosted.org/packages/5c/e5/e9e0f6138b21bcdebccac36fbfde9cf15eb1bbcea9f5b1f35cd1f465fb91/coverage-7.13.3-cp313-cp313t-musllinux_1_2_aarch64.whl", hash = "sha256:b2182129f4c101272ff5f2f18038d7b698db1bf8e7aa9e615cb48440899ad32e", size = 263868 },
    { url = "https://files.pythonhosted.org/packages/9a/bf/de72cfebb69756f2d4a2dde35efcc33c47d85cd3ebdf844b3914aac2ef28/coverage-7.13.3-cp313-cp313t-musllinux_1_2_i686.whl", hash = "sha256:94d2ac94bd0cc57c5626f52f8c2fffed1444b5ae8c9fc68320306cc2b255e155", size = 261498 },
    { url = "https://files.pythonhosted.org/packages/f2/91/4a2d313a70fc2e98ca53afd1c8ce67a89b1944cd996589a5b1fe7fbb3e5c/coverage-7.13.3-cp313-cp313t-musllinux_1_2_riscv64.whl", hash = "sha256:65436cde5ecabe26fb2f0bf598962f0a054d3f23ad529361326ac002c61a2a1e", size = 260394 },
    { url = "https://files.pythonhosted.org/packages/40/83/25113af7cf6941e779eb7ed8de2a677865b859a07ccee9146d4cc06a03e3/coverage-7.13.3-cp313-cp313t-musllinux_1_2_x86_64.whl", hash = "sha256:db83b77f97129813dbd463a67e5335adc6a6a91db652cc085d60c2d512746f96", size = 262579 },
    { url = "https://files.pythonhosted.org/packages/1e/19/a5f2b96262977e82fb9aabbe19b4d83561f5d063f18dde3e72f34ffc3b2f/coverage-7.13.3-cp313-cp313t-win32.whl", hash = "sha256:dfb428e41377e6b9ba1b0a32df6db5409cb089a0ed1d0a672dc4953ec110d84f", size = 222679 },
    { url = "https://files.pythonhosted.org/packages/81/82/ef1747b88c87a5c7d7edc3704799ebd650189a9158e680a063308b6125ef/coverage-7.13.3-cp313-cp313t-win_amd64.whl", hash = "sha256:5badd7e596e6b0c89aa8ec6d37f4473e4357f982ce57f9a2942b0221cd9cf60c", size = 223740 },
    { url = "https://files.pythonhosted.org/packages/1c/4c/a67c7bb5b560241c22736a9cb2f14c5034149ffae18630323fde787339e4/coverage-7.13.3-cp313-cp313t-win_arm64.whl", hash = "sha256:989aa158c0eb19d83c76c26f4ba00dbb272485c56e452010a3450bdbc9daafd9", size = 221996 },
    { url = "https://files.pythonhosted.org/packages/7d/fb/70af542d2d938c778c9373ce253aa4116dbe7c0a5672f78b2b2ae0e1b94b/coverage-7.13.3-py3-none-any.whl", hash = "sha256:90a8af9dba6429b2573199622d72e0ebf024d6276f16abce394ad4d181bb0910", size = 211237 },
]

[[package]]
name = "h11"
version = "0.16.0"
source = { registry = "https://pypi.org/simple" }
sdist = { url = "https://files.pythonhosted.org/packages/01/ee/02a2c011bdab74c6fb3c75474d40b3052059d95df7e73351460c8588d963/h11-0.16.0.tar.gz", hash = "sha256:4e35b956cf45792e4caa5885e69fba00bdbc6ffafbfa020300e549b208ee5ff1", size = 101250 }
wheels = [
    { url = "https://files.pythonhosted.org/packages/04/4b/29cac41a4d98d144bf5f6d33995617b185d14b22401f75ca86f384e87ff1/h11-0.16.0-py3-none-any.whl", hash = "sha256:63cf8bbe7522de3bf65932fda1d9c2772064ffb3dae62d55932da54b31cb6c86", size = 37515 },
]

[[package]]
name = "httpcore"
version = "1.0.9"
source = { registry = "https://pypi.org/simple" }
dependencies = [
    { name = "certifi" },
    { name = "h11" },
]
sdist = { url = "https://files.pythonhosted.org/packages/06/94/82699a10bca87a5556c9c59b5963f2d039dbd239f25bc2a63907a05a14cb/httpcore-1.0.9.tar.gz", hash = "sha256:6e34463af53fd2ab5d807f399a9b45ea31c3dfa2276f15a2c3f00afff6e176e8", size = 85484 }
wheels = [
    { url = "https://files.pythonhosted.org/packages/7e/f5/f66802a942d491edb555dd61e3a9961140fd64c90bce1eafd741609d334d/httpcore-1.0.9-py3-none-any.whl", hash = "sha256:2d400746a40668fc9dec9810239072b40b4484b640a8c38fd654a024c7a1bf55", size = 78784 },
]

[[package]]
name = "httpx"
version = "0.28.1"
source = { registry = "https://pypi.org/simple" }
dependencies = [
    { name = "anyio" },
    { name = "certifi" },
    { name = "httpcore" },
    { name = "idna" },
]
sdist = { url = "https://files.pythonhosted.org/packages/b1/df/48c586a5fe32a0f01324ee087459e112ebb7224f646c0b5023f5e79e9956/httpx-0.28.1.tar.gz", hash = "sha256:75e98c5f16b0f35b567856f597f06ff2270a374470a5c2392242528e3e3e42fc", size = 141406 }
wheels = [
    { url = "https://files.pythonhosted.org/packages/2a/39/e50c7c3a983047577ee07d2a9e53faf5a69493943ec3f6a384bdc792deb2/httpx-0.28.1-py3-none-any.whl", hash = "sha256:d909fcccc110f8c7faf814ca82a9a4d816bc5a6dbfea25d6591d6985b8ba59ad", size = 73517 },
]

[[package]]
name = "idna"
version = "3.11"
source = { registry = "https://pypi.org/simple" }
sdist = { url = "https://files.pythonhosted.org/packages/6f/6d/0703ccc57f3a7233505399edb88de3cbd678da106337b9fcde432b65ed60/idna-3.11.tar.gz", hash = "sha256:795dafcc9c04ed0c1fb032c2aa73654d8e8c5023a7df64a53f39190ada629902", size = 194582 }
wheels = [
    { url = "https://files.pythonhosted.org/packages/0e/61/66938bbb5fc52dbdf84594873d5b51fb1f7c7794e9c0f5bd885f30bc507b/idna-3.11-py3-none-any.whl", hash = "sha256:771a87f49d9defaf64091e6e6fe9c18d4833f140bd19464795bc32d966ca37ea", size = 71008 },
]

[[package]]
name = "iniconfig"
version = "2.3.0"
source = { registry = "https://pypi.org/simple" }
sdist = { url = "https://files.pythonhosted.org/packages/72/34/14ca021ce8e5dfedc35312d08ba8bf51fdd999c576889fc2c24cb97f4f10/iniconfig-2.3.0.tar.gz", hash = "sha256:c76315c77db068650d49c5b56314774a7804df16fee4402c1f19d6d15d8c4730", size = 20503 }
wheels = [
    { url = "https://files.pythonhosted.org/packages/cb/b1/3846dd7f199d53cb17f49cba7e651e9ce294d8497c8c150530ed11865bb8/iniconfig-2.3.0-py3-none-any.whl", hash = "sha256:f631c04d2c48c52b84d0d0549c99ff3859c98df65b3101406327ecc7d53fbf12", size = 7484 },
]

[[package]]
name = "markdown-it-py"
version = "4.0.0"
source = { registry = "https://pypi.org/simple" }
dependencies = [
    { name = "mdurl" },
]
sdist = { url = "https://files.pythonhosted.org/packages/5b/f5/4ec618ed16cc4f8fb3b701563655a69816155e79e24a17b651541804721d/markdown_it_py-4.0.0.tar.gz", hash = "sha256:cb0a2b4aa34f932c007117b194e945bd74e0ec24133ceb5bac59009cda1cb9f3", size = 73070 }
wheels = [
    { url = "https://files.pythonhosted.org/packages/94/54/e7d793b573f298e1c9013b8c4dade17d481164aa517d1d7148619c2cedbf/markdown_it_py-4.0.0-py3-none-any.whl", hash = "sha256:87327c59b172c5011896038353a81343b6754500a08cd7a4973bb48c6d578147", size = 87321 },
]

[[package]]
name = "mdurl"
version = "0.1.2"
source = { registry = "https://pypi.org/simple" }
sdist = { url = "https://files.pythonhosted.org/packages/d6/54/cfe61301667036ec958cb99bd3efefba235e65cdeb9c84d24a8293ba1d90/mdurl-0.1.2.tar.gz", hash = "sha256:bb413d29f5eea38f31dd4754dd7377d4465116fb207585f97bf925588687c1ba", size = 8729 }
wheels = [
    { url = "https://files.pythonhosted.org/packages/b3/38/89ba8ad64ae25be8de66a6d463314cf1eb366222074cfda9ee839c56a4b4/mdurl-0.1.2-py3-none-any.whl", hash = "sha256:84008a41e51615a49fc9966191ff91509e3c40b939176e643fd50a5c2196b8f8", size = 9979 },
]

[[package]]
name = "mypy-extensions"
version = "1.1.0"
source = { registry = "https://pypi.org/simple" }
sdist = { url = "https://files.pythonhosted.org/packages/a2/6e/371856a3fb9d31ca8dac321cda606860fa4548858c0cc45d9d1d4ca2628b/mypy_extensions-1.1.0.tar.gz", hash = "sha256:52e68efc3284861e772bbcd66823fde5ae21fd2fdb51c62a211403730b916558", size = 6343 }
wheels = [
    { url = "https://files.pythonhosted.org/packages/79/7b/2c79738432f5c924bef5071f933bcc9efd0473bac3b4aa584a6f7c1c8df8/mypy_extensions-1.1.0-py3-none-any.whl", hash = "sha256:1be4cccdb0f2482337c4743e60421de3a356cd97508abadd57d47403e94f5505", size = 4963 },
]

[[package]]
name = "packaging"
version = "26.0"
source = { registry = "https://pypi.org/simple" }
sdist = { url = "https://files.pythonhosted.org/packages/65/ee/299d360cdc32edc7d2cf530f3accf79c4fca01e96ffc950d8a52213bd8e4/packaging-26.0.tar.gz", hash = "sha256:00243ae351a257117b6a241061796684b084ed1c516a08c48a3f7e147a9d80b4", size = 143416 }
wheels = [
    { url = "https://files.pythonhosted.org/packages/b7/b9/c538f279a4e237a006a2c98387d081e9eb060d203d8ed34467cc0f0b9b53/packaging-26.0-py3-none-any.whl", hash = "sha256:b36f1fef9334a5588b4166f8bcd26a14e521f2b55e6b9de3aaa80d3ff7a37529", size = 74366 },
]

[[package]]
name = "pathspec"
version = "1.0.4"
source = { registry = "https://pypi.org/simple" }
sdist = { url = "https://files.pythonhosted.org/packages/fa/36/e27608899f9b8d4dff0617b2d9ab17ca5608956ca44461ac14ac48b44015/pathspec-1.0.4.tar.gz", hash = "sha256:0210e2ae8a21a9137c0d470578cb0e595af87edaa6ebf12ff176f14a02e0e645", size = 131200 }
wheels = [
    { url = "https://files.pythonhosted.org/packages/ef/3c/2c197d226f9ea224a9ab8d197933f9da0ae0aac5b6e0f884e2b8d9c8e9f7/pathspec-1.0.4-py3-none-any.whl", hash = "sha256:fb6ae2fd4e7c921a165808a552060e722767cfa526f99ca5156ed2ce45a5c723", size = 55206 },
]

[[package]]
name = "platformdirs"
version = "4.5.1"
source = { registry = "https://pypi.org/simple" }
sdist = { url = "https://files.pythonhosted.org/packages/cf/86/0248f086a84f01b37aaec0fa567b397df1a119f73c16f6c7a9aac73ea309/platformdirs-4.5.1.tar.gz", hash = "sha256:61d5cdcc6065745cdd94f0f878977f8de9437be93de97c1c12f853c9c0cdcbda", size = 21715 }
wheels = [
    { url = "https://files.pythonhosted.org/packages/cb/28/3bfe2fa5a7b9c46fe7e13c97bda14c895fb10fa2ebf1d0abb90e0cea7ee1/platformdirs-4.5.1-py3-none-any.whl", hash = "sha256:d03afa3963c806a9bed9d5125c8f4cb2fdaf74a55ab60e5d59b3fde758104d31", size = 18731 },
]

[[package]]
name = "pluggy"
version = "1.6.0"
source = { registry = "https://pypi.org/simple" }
sdist = { url = "https://files.pythonhosted.org/packages/f9/e2/3e91f31a7d2b083fe6ef3fa267035b518369d9511ffab804f839851d2779/pluggy-1.6.0.tar.gz", hash = "sha256:7dcc130b76258d33b90f61b658791dede3486c3e6bfb003ee5c9bfb396dd22f3", size = 69412 }
wheels = [
    { url = "https://files.pythonhosted.org/packages/54/20/4d324d65cc6d9205fabedc306948156824eb9f0ee1633355a8f7ec5c66bf/pluggy-1.6.0-py3-none-any.whl", hash = "sha256:e920276dd6813095e9377c0bc5566d94c932c33b27a3e3945d8389c374dd4746", size = 20538 },
]

[[package]]
name = "pydantic"
version = "2.12.5"
source = { registry = "https://pypi.org/simple" }
dependencies = [
    { name = "annotated-types" },
    { name = "pydantic-core" },
    { name = "typing-extensions" },
    { name = "typing-inspection" },
]
sdist = { url = "https://files.pythonhosted.org/packages/69/44/36f1a6e523abc58ae5f928898e4aca2e0ea509b5aa6f6f392a5d882be928/pydantic-2.12.5.tar.gz", hash = "sha256:4d351024c75c0f085a9febbb665ce8c0c6ec5d30e903bdb6394b7ede26aebb49", size = 821591 }
wheels = [
    { url = "https://files.pythonhosted.org/packages/5a/87/b70ad306ebb6f9b585f114d0ac2137d792b48be34d732d60e597c2f8465a/pydantic-2.12.5-py3-none-any.whl", hash = "sha256:e561593fccf61e8a20fc46dfc2dfe075b8be7d0188df33f221ad1f0139180f9d", size = 463580 },
]

[[package]]
name = "pydantic-core"
version = "2.41.5"
source = { registry = "https://pypi.org/simple" }
dependencies = [
    { name = "typing-extensions" },
]
sdist = { url = "https://files.pythonhosted.org/packages/71/70/23b021c950c2addd24ec408e9ab05d59b035b39d97cdc1130e1bce647bb6/pydantic_core-2.41.5.tar.gz", hash = "sha256:08daa51ea16ad373ffd5e7606252cc32f07bc72b28284b6bc9c6df804816476e", size = 460952 }
wheels = [
    { url = "https://files.pythonhosted.org/packages/87/06/8806241ff1f70d9939f9af039c6c35f2360cf16e93c2ca76f184e76b1564/pydantic_core-2.41.5-cp313-cp313-macosx_10_12_x86_64.whl", hash = "sha256:941103c9be18ac8daf7b7adca8228f8ed6bb7a1849020f643b3a14d15b1924d9", size = 2120403 },
    { url = "https://files.pythonhosted.org/packages/94/02/abfa0e0bda67faa65fef1c84971c7e45928e108fe24333c81f3bfe35d5f5/pydantic_core-2.41.5-cp313-cp313-macosx_11_0_arm64.whl", hash = "sha256:112e305c3314f40c93998e567879e887a3160bb8689ef3d2c04b6cc62c33ac34", size = 1896206 },
    { url = "https://files.pythonhosted.org/packages/15/df/a4c740c0943e93e6500f9eb23f4ca7ec9bf71b19e608ae5b579678c8d02f/pydantic_core-2.41.5-cp313-cp313-manylinux_2_17_aarch64.manylinux2014_aarch64.whl", hash = "sha256:0cbaad15cb0c90aa221d43c00e77bb33c93e8d36e0bf74760cd00e732d10a6a0", size = 1919307 },
    { url = "https://files.pythonhosted.org/packages/9a/e3/6324802931ae1d123528988e0e86587c2072ac2e5394b4bc2bc34b61ff6e/pydantic_core-2.41.5-cp313-cp313-manylinux_2_17_armv7l.manylinux2014_armv7l.whl", hash = "sha256:03ca43e12fab6023fc79d28ca6b39b05f794ad08ec2feccc59a339b02f2b3d33", size = 2063258 },
    { url = "https://files.pythonhosted.org/packages/c9/d4/2230d7151d4957dd79c3044ea26346c148c98fbf0ee6ebd41056f2d62ab5/pydantic_core-2.41.5-cp313-cp313-manylinux_2_17_ppc64le.manylinux2014_ppc64le.whl", hash = "sha256:dc799088c08fa04e43144b164feb0c13f9a0bc40503f8df3e9fde58a3c0c101e", size = 2214917 },
    { url = "https://files.pythonhosted.org/packages/e6/9f/eaac5df17a3672fef0081b6c1bb0b82b33ee89aa5cec0d7b05f52fd4a1fa/pydantic_core-2.41.5-cp313-cp313-manylinux_2_17_s390x.manylinux2014_s390x.whl", hash = "sha256:97aeba56665b4c3235a0e52b2c2f5ae9cd071b8a8310ad27bddb3f7fb30e9aa2", size = 2332186 },
    { url = "https://files.pythonhosted.org/packages/cf/4e/35a80cae583a37cf15604b44240e45c05e04e86f9cfd766623149297e971/pydantic_core-2.41.5-cp313-cp313-manylinux_2_17_x86_64.manylinux2014_x86_64.whl", hash = "sha256:406bf18d345822d6c21366031003612b9c77b3e29ffdb0f612367352aab7d586", size = 2073164 },
    { url = "https://files.pythonhosted.org/packages/bf/e3/f6e262673c6140dd3305d144d032f7bd5f7497d3871c1428521f19f9efa2/pydantic_core-2.41.5-cp313-cp313-manylinux_2_5_i686.manylinux1_i686.whl", hash = "sha256:b93590ae81f7010dbe380cdeab6f515902ebcbefe0b9327cc4804d74e93ae69d", size = 2179146 },
    { url = "https://files.pythonhosted.org/packages/75/c7/20bd7fc05f0c6ea2056a4565c6f36f8968c0924f19b7d97bbfea55780e73/pydantic_core-2.41.5-cp313-cp313-musllinux_1_1_aarch64.whl", hash = "sha256:01a3d0ab748ee531f4ea6c3e48ad9dac84ddba4b0d82291f87248f2f9de8d740", size = 2137788 },
    { url = "https://files.pythonhosted.org/packages/3a/8d/34318ef985c45196e004bc46c6eab2eda437e744c124ef0dbe1ff2c9d06b/pydantic_core-2.41.5-cp313-cp313-musllinux_1_1_armv7l.whl", hash = "sha256:6561e94ba9dacc9c61bce40e2d6bdc3bfaa0259d3ff36ace3b1e6901936d2e3e", size = 2340133 },
    { url = "https://files.pythonhosted.org/packages/9c/59/013626bf8c78a5a5d9350d12e7697d3d4de951a75565496abd40ccd46bee/pydantic_core-2.41.5-cp313-cp313-musllinux_1_1_x86_64.whl", hash = "sha256:915c3d10f81bec3a74fbd4faebe8391013ba61e5a1a8d48c4455b923bdda7858", size = 2324852 },
    { url = "https://files.pythonhosted.org/packages/1a/d9/c248c103856f807ef70c18a4f986693a46a8ffe1602e5d361485da502d20/pydantic_core-2.41.5-cp313-cp313-win32.whl", hash = "sha256:650ae77860b45cfa6e2cdafc42618ceafab3a2d9a3811fcfbd3bbf8ac3c40d36", size = 1994679 },
    { url = "https://files.pythonhosted.org/packages/9e/8b/341991b158ddab181cff136acd2552c9f35bd30380422a639c0671e99a91/pydantic_core-2.41.5-cp313-cp313-win_amd64.whl", hash = "sha256:79ec52ec461e99e13791ec6508c722742ad745571f234ea6255bed38c6480f11", size = 2019766 },
    { url = "https://files.pythonhosted.org/packages/73/7d/f2f9db34af103bea3e09735bb40b021788a5e834c81eedb541991badf8f5/pydantic_core-2.41.5-cp313-cp313-win_arm64.whl", hash = "sha256:3f84d5c1b4ab906093bdc1ff10484838aca54ef08de4afa9de0f5f14d69639cd", size = 1981005 },
]

[[package]]
name = "pygments"
version = "2.19.2"
source = { registry = "https://pypi.org/simple" }
sdist = { url = "https://files.pythonhosted.org/packages/b0/77/a5b8c569bf593b0140bde72ea885a803b82086995367bf2037de0159d924/pygments-2.19.2.tar.gz", hash = "sha256:636cb2477cec7f8952536970bc533bc43743542f70392ae026374600add5b887", size = 4968631 }
wheels = [
    { url = "https://files.pythonhosted.org/packages/c7/21/705964c7812476f378728bdf590ca4b771ec72385c533964653c68e86bdc/pygments-2.19.2-py3-none-any.whl", hash = "sha256:86540386c03d588bb81d44bc3928634ff26449851e99741617ecb9037ee5ec0b", size = 1225217 },
]

[[package]]
name = "pytest"
version = "8.4.2"
source = { registry = "https://pypi.org/simple" }
dependencies = [
    { name = "colorama", marker = "sys_platform == 'win32'" },
    { name = "iniconfig" },
    { name = "packaging" },
    { name = "pluggy" },
    { name = "pygments" },
]
sdist = { url = "https://files.pythonhosted.org/packages/a3/5c/00a0e072241553e1a7496d638deababa67c5058571567b92a7eaa258397c/pytest-8.4.2.tar.gz", hash = "sha256:86c0d0b93306b961d58d62a4db4879f27fe25513d4b969df351abdddb3c30e01", size = 1519618 }
wheels = [
    { url = "https://files.pythonhosted.org/packages/a8/a4/20da314d277121d6534b3a980b29035dcd51e6744bd79075a6ce8fa4eb8d/pytest-8.4.2-py3-none-any.whl", hash = "sha256:872f880de3fc3a5bdc88a11b39c9710c3497a547cfa9320bc3c5e62fbf272e79", size = 365750 },
]

[[package]]
name = "pytest-cov"
version = "6.3.0"
source = { registry = "https://pypi.org/simple" }
dependencies = [
    { name = "coverage" },
    { name = "pluggy" },
    { name = "pytest" },
]
sdist = { url = "https://files.pythonhosted.org/packages/30/4c/f883ab8f0daad69f47efdf95f55a66b51a8b939c430dadce0611508d9e99/pytest_cov-6.3.0.tar.gz", hash = "sha256:35c580e7800f87ce892e687461166e1ac2bcb8fb9e13aea79032518d6e503ff2", size = 70398 }
wheels = [
    { url = "https://files.pythonhosted.org/packages/80/b4/bb7263e12aade3842b938bc5c6958cae79c5ee18992f9b9349019579da0f/pytest_cov-6.3.0-py3-none-any.whl", hash = "sha256:440db28156d2468cafc0415b4f8e50856a0d11faefa38f30906048fe490f1749", size = 25115 },
]

[[package]]
name = "python-dotenv"
version = "1.2.1"
source = { registry = "https://pypi.org/simple" }
sdist = { url = "https://files.pythonhosted.org/packages/f0/26/19cadc79a718c5edbec86fd4919a6b6d3f681039a2f6d66d14be94e75fb9/python_dotenv-1.2.1.tar.gz", hash = "sha256:42667e897e16ab0d66954af0e60a9caa94f0fd4ecf3aaf6d2d260eec1aa36ad6", size = 44221 }
wheels = [
    { url = "https://files.pythonhosted.org/packages/14/1b/a298b06749107c305e1fe0f814c6c74aea7b2f1e10989cb30f544a1b3253/python_dotenv-1.2.1-py3-none-any.whl", hash = "sha256:b81ee9561e9ca4004139c6cbba3a238c32b03e4894671e181b671e8cb8425d61", size = 21230 },
]

[[package]]
name = "pyyaml"
version = "6.0.3"
source = { registry = "https://pypi.org/simple" }
sdist = { url = "https://files.pythonhosted.org/packages/05/8e/961c0007c59b8dd7729d542c61a4d537767a59645b82a0b521206e1e25c2/pyyaml-6.0.3.tar.gz", hash = "sha256:d76623373421df22fb4cf8817020cbb7ef15c725b9d5e45f17e189bfc384190f", size = 130960 }
wheels = [
    { url = "https://files.pythonhosted.org/packages/d1/11/0fd08f8192109f7169db964b5707a2f1e8b745d4e239b784a5a1dd80d1db/pyyaml-6.0.3-cp313-cp313-macosx_10_13_x86_64.whl", hash = "sha256:8da9669d359f02c0b91ccc01cac4a67f16afec0dac22c2ad09f46bee0697eba8", size = 181669 },
    { url = "https://files.pythonhosted.org/packages/b1/16/95309993f1d3748cd644e02e38b75d50cbc0d9561d21f390a76242ce073f/pyyaml-6.0.3-cp313-cp313-macosx_11_0_arm64.whl", hash = "sha256:2283a07e2c21a2aa78d9c4442724ec1eb15f5e42a723b99cb3d822d48f5f7ad1", size = 173252 },
    { url = "https://files.pythonhosted.org/packages/50/31/b20f376d3f810b9b2371e72ef5adb33879b25edb7a6d072cb7ca0c486398/pyyaml-6.0.3-cp313-cp313-manylinux2014_aarch64.manylinux_2_17_aarch64.manylinux_2_28_aarch64.whl", hash = "sha256:ee2922902c45ae8ccada2c5b501ab86c36525b883eff4255313a253a3160861c", size = 767081 },
    { url = "https://files.pythonhosted.org/packages/49/1e/a55ca81e949270d5d4432fbbd19dfea5321eda7c41a849d443dc92fd1ff7/pyyaml-6.0.3-cp313-cp313-manylinux2014_s390x.manylinux_2_17_s390x.manylinux_2_28_s390x.whl", hash = "sha256:a33284e20b78bd4a18c8c2282d549d10bc8408a2a7ff57653c0cf0b9be0afce5", size = 841159 },
    { url = "https://files.pythonhosted.org/packages/74/27/e5b8f34d02d9995b80abcef563ea1f8b56d20134d8f4e5e81733b1feceb2/pyyaml-6.0.3-cp313-cp313-manylinux2014_x86_64.manylinux_2_17_x86_64.manylinux_2_28_x86_64.whl", hash = "sha256:0f29edc409a6392443abf94b9cf89ce99889a1dd5376d94316ae5145dfedd5d6", size = 801626 },
    { url = "https://files.pythonhosted.org/packages/f9/11/ba845c23988798f40e52ba45f34849aa8a1f2d4af4b798588010792ebad6/pyyaml-6.0.3-cp313-cp313-musllinux_1_2_aarch64.whl", hash = "sha256:f7057c9a337546edc7973c0d3ba84ddcdf0daa14533c2065749c9075001090e6", size = 753613 },
    { url = "https://files.pythonhosted.org/packages/3d/e0/7966e1a7bfc0a45bf0a7fb6b98ea03fc9b8d84fa7f2229e9659680b69ee3/pyyaml-6.0.3-cp313-cp313-musllinux_1_2_x86_64.whl", hash = "sha256:eda16858a3cab07b80edaf74336ece1f986ba330fdb8ee0d6c0d68fe82bc96be", size = 794115 },
    { url = "https://files.pythonhosted.org/packages/de/94/980b50a6531b3019e45ddeada0626d45fa85cbe22300844a7983285bed3b/pyyaml-6.0.3-cp313-cp313-win32.whl", hash = "sha256:d0eae10f8159e8fdad514efdc92d74fd8d682c933a6dd088030f3834bc8e6b26", size = 137427 },
    { url = "https://files.pythonhosted.org/packages/97/c9/39d5b874e8b28845e4ec2202b5da735d0199dbe5b8fb85f91398814a9a46/pyyaml-6.0.3-cp313-cp313-win_amd64.whl", hash = "sha256:79005a0d97d5ddabfeeea4cf676af11e647e41d81c9a7722a193022accdb6b7c", size = 154090 },
    { url = "https://files.pythonhosted.org/packages/73/e8/2bdf3ca2090f68bb3d75b44da7bbc71843b19c9f2b9cb9b0f4ab7a5a4329/pyyaml-6.0.3-cp313-cp313-win_arm64.whl", hash = "sha256:5498cd1645aa724a7c71c8f378eb29ebe23da2fc0d7a08071d89469bf1d2defb", size = 140246 },
]

[[package]]
name = "rich"
version = "14.3.2"
source = { registry = "https://pypi.org/simple" }
dependencies = [
    { name = "markdown-it-py" },
    { name = "pygments" },
]
sdist = { url = "https://files.pythonhosted.org/packages/74/99/a4cab2acbb884f80e558b0771e97e21e939c5dfb460f488d19df485e8298/rich-14.3.2.tar.gz", hash = "sha256:e712f11c1a562a11843306f5ed999475f09ac31ffb64281f73ab29ffdda8b3b8", size = 230143 }
wheels = [
    { url = "https://files.pythonhosted.org/packages/ef/45/615f5babd880b4bd7d405cc0dc348234c5ffb6ed1ea33e152ede08b2072d/rich-14.3.2-py3-none-any.whl", hash = "sha256:08e67c3e90884651da3239ea668222d19bea7b589149d8014a21c633420dbb69", size = 309963 },
]

[[package]]
name = "ruff"
version = "0.10.0"
source = { registry = "https://pypi.org/simple" }
sdist = { url = "https://files.pythonhosted.org/packages/4c/ec/9c59d2956566517c98ac8267554f4eaceafb2a19710a429368518b7fab43/ruff-0.10.0.tar.gz", hash = "sha256:fa1554e18deaf8aa097dbcfeafaf38b17a2a1e98fdc18f50e62e8a836abee392", size = 3789921 }
wheels = [
    { url = "https://files.pythonhosted.org/packages/bf/3f/742afe91b43def2a75990b293c676355576c0ff9cdbcf4249f78fa592544/ruff-0.10.0-py3-none-linux_armv6l.whl", hash = "sha256:46a2aa0eaae5048e5f804f0be9489d8a661633e23277b7293089e70d5c1a35c4", size = 10078369 },
    { url = "https://files.pythonhosted.org/packages/8d/a0/8696fb4862e82f7b40bbbc2917137594b22826cc62d77278a91391507514/ruff-0.10.0-py3-none-macosx_10_12_x86_64.whl", hash = "sha256:775a6bc61af9dd0a2e1763406522a137e62aabb743d8b43ed95f019cdd1526c7", size = 10876912 },
    { url = "https://files.pythonhosted.org/packages/40/aa/0d48b7b7d7a1f168bb8fd893ed559d633c7d68c4a8ef9b996f0c2bd07aca/ruff-0.10.0-py3-none-macosx_11_0_arm64.whl", hash = "sha256:8b03e6fcd39d20f0004f9956f0ed5eadc404d3a299f9d9286323884e3b663730", size = 10229962 },
    { url = "https://files.pythonhosted.org/packages/21/de/861ced2f75b045d8cfc038d68961d8ac117344df1f43a11abdd05bf7991b/ruff-0.10.0-py3-none-manylinux_2_17_aarch64.manylinux2014_aarch64.whl", hash = "sha256:621101d1af80248827f2409a78c8177c8319986a57b4663613b9c72f8617bfcd", size = 10404627 },
    { url = "https://files.pythonhosted.org/packages/21/69/666e0b840191c3ce433962c0d05fc0f6800afe259ea5d230cc731655d8e2/ruff-0.10.0-py3-none-manylinux_2_17_armv7l.manylinux2014_armv7l.whl", hash = "sha256:e2dfe85cb6bfbd4259801e7d4982f2a72bdbd5749dc73a09d68a6dbf77f2209a", size = 9939383 },
    { url = "https://files.pythonhosted.org/packages/76/bf/34a2adc58092c99cdfa9f1303acd82d840d56412022e477e2ab20c261d2d/ruff-0.10.0-py3-none-manylinux_2_17_i686.manylinux2014_i686.whl", hash = "sha256:43ac3879a20c22fdc57e559f0bb27f0c71828656841d0b42d3505b1e5b3a83c8", size = 11492269 },
    { url = "https://files.pythonhosted.org/packages/31/3d/f7ccfcf69f15948623b190feea9d411d5029ae39725fcc078f8d43bd07a6/ruff-0.10.0-py3-none-manylinux_2_17_ppc64.manylinux2014_ppc64.whl", hash = "sha256:ef5e3aac421bbc62f8a7aab21edd49a359ed42205f7a5091a74386bca1efa293", size = 12186939 },
    { url = "https://files.pythonhosted.org/packages/6e/3e/c557c0abfdea85c7d238a3cb238c73e7b6d17c30a584234c4fd8fe2cafb6/ruff-0.10.0-py3-none-manylinux_2_17_ppc64le.manylinux2014_ppc64le.whl", hash = "sha256:9f4f62d7fac8b748fce67ad308116b4d4cc1a9f964b4804fc5408fbd06e13ba9", size = 11655896 },
    { url = "https://files.pythonhosted.org/packages/3b/8e/3bfa110f37e5192eb3943f14943d05fbb9a76fea380aa87655e6f6276a54/ruff-0.10.0-py3-none-manylinux_2_17_s390x.manylinux2014_s390x.whl", hash = "sha256:02f9f6205c5b0d626f98da01a0e75b724a64c21c554bba24b12522c9e9ba6a04", size = 13885502 },
    { url = "https://files.pythonhosted.org/packages/51/4a/22cdab59b5563dd7f4c504d0f1e6bb25fc800a5a057395bc24f8ff3a85b2/ruff-0.10.0-py3-none-manylinux_2_17_x86_64.manylinux2014_x86_64.whl", hash = "sha256:46a97f3d55f68464c48d1e929a8582c7e5bb80ac73336bbc7b0da894d8e6cd9e", size = 11344767 },
    { url = "https://files.pythonhosted.org/packages/3d/0f/8f85de2ac565f82f47c6d8fb7ae04383e6300560f2d1b91c1268ff91e507/ruff-0.10.0-py3-none-musllinux_1_2_aarch64.whl", hash = "sha256:a0b811197d0dc96c13d610f8cfdc56030b405bcff5c2f10eab187b329da0ca4a", size = 10300331 },
    { url = "https://files.pythonhosted.org/packages/90/4a/b337df327832cb30bd8607e8d1fdf1b6b5ca228307d5008dd49028fb66ae/ruff-0.10.0-py3-none-musllinux_1_2_armv7l.whl", hash = "sha256:a13a3fda0870c1c964b47ff5d73805ae80d2a9de93ee2d185d453b8fddf85a84", size = 9926551 },
    { url = "https://files.pythonhosted.org/packages/d7/e9/141233730b85675ac806c4b62f70516bd9c0aae8a55823f3a6589ed411be/ruff-0.10.0-py3-none-musllinux_1_2_i686.whl", hash = "sha256:6ceb8d9f062e90ddcbad929f6136edf764bbf6411420a07e8357602ea28cd99f", size = 10925061 },
    { url = "https://files.pythonhosted.org/packages/24/09/02987935b55c2d353a226ac1b4f9718830e2e195834929f46c07eeede746/ruff-0.10.0-py3-none-musllinux_1_2_x86_64.whl", hash = "sha256:c41d07d573617ed2f287ea892af2446fd8a8d877481e8e1ba6928e020665d240", size = 11394949 },
    { url = "https://files.pythonhosted.org/packages/d6/ec/054f9879fb6f4122d43ffe5c9f88c8c323a9cd14220d5c813aea5805e02c/ruff-0.10.0-py3-none-win32.whl", hash = "sha256:76e2de0cbdd587e373cd3b4050d2c45babdd7014c1888a6f121c29525c748a15", size = 10272077 },
    { url = "https://files.pythonhosted.org/packages/6e/49/915d8682f24645b904fe6a1aac36101464fc814923fdf293c1388dc5533c/ruff-0.10.0-py3-none-win_amd64.whl", hash = "sha256:f943acdecdcc6786a8d1dad455dd9f94e6d57ccc115be4993f9b52ef8316027a", size = 11393300 },
    { url = "https://files.pythonhosted.org/packages/82/ed/5c59941634c9026ceeccc7c119f23f4356f09aafd28c15c1bc734ac66b01/ruff-0.10.0-py3-none-win_arm64.whl", hash = "sha256:935a943bdbd9ff0685acd80d484ea91088e27617537b5f7ef8907187d19d28d0", size = 10510133 },
]

[[package]]
name = "shellingham"
version = "1.5.4"
source = { registry = "https://pypi.org/simple" }
sdist = { url = "https://files.pythonhosted.org/packages/58/15/8b3609fd3830ef7b27b655beb4b4e9c62313a4e8da8c676e142cc210d58e/shellingham-1.5.4.tar.gz", hash = "sha256:8dbca0739d487e5bd35ab3ca4b36e11c4078f3a234bfce294b0a0291363404de", size = 10310 }
wheels = [
    { url = "https://files.pythonhosted.org/packages/e0/f9/0595336914c5619e5f28a1fb793285925a8cd4b432c9da0a987836c7f822/shellingham-1.5.4-py2.py3-none-any.whl", hash = "sha256:7ecfff8f2fd72616f7481040475a65b2bf8af90a56c89140852d1120324e8686", size = 9755 },
]

[[package]]
name = "stevedore"
version = "5.6.0"
source = { registry = "https://pypi.org/simple" }
sdist = { url = "https://files.pythonhosted.org/packages/96/5b/496f8abebd10c3301129abba7ddafd46c71d799a70c44ab080323987c4c9/stevedore-5.6.0.tar.gz", hash = "sha256:f22d15c6ead40c5bbfa9ca54aa7e7b4a07d59b36ae03ed12ced1a54cf0b51945", size = 516074 }
wheels = [
    { url = "https://files.pythonhosted.org/packages/f4/40/8561ce06dc46fd17242c7724ab25b257a2ac1b35f4ebf551b40ce6105cfa/stevedore-5.6.0-py3-none-any.whl", hash = "sha256:4a36dccefd7aeea0c70135526cecb7766c4c84c473b1af68db23d541b6dc1820", size = 54428 },
]

[[package]]
name = "typer"
version = "0.21.1"
source = { registry = "https://pypi.org/simple" }
dependencies = [
    { name = "click" },
    { name = "rich" },
    { name = "shellingham" },
    { name = "typing-extensions" },
]
sdist = { url = "https://files.pythonhosted.org/packages/36/bf/8825b5929afd84d0dabd606c67cd57b8388cb3ec385f7ef19c5cc2202069/typer-0.21.1.tar.gz", hash = "sha256:ea835607cd752343b6b2b7ce676893e5a0324082268b48f27aa058bdb7d2145d", size = 110371 }
wheels = [
    { url = "https://files.pythonhosted.org/packages/a0/1d/d9257dd49ff2ca23ea5f132edf1281a0c4f9de8a762b9ae399b670a59235/typer-0.21.1-py3-none-any.whl", hash = "sha256:7985e89081c636b88d172c2ee0cfe33c253160994d47bdfdc302defd7d1f1d01", size = 47381 },
]

[[package]]
name = "typing-extensions"
version = "4.15.0"
source = { registry = "https://pypi.org/simple" }
sdist = { url = "https://files.pythonhosted.org/packages/72/94/1a15dd82efb362ac84269196e94cf00f187f7ed21c242792a923cdb1c61f/typing_extensions-4.15.0.tar.gz", hash = "sha256:0cea48d173cc12fa28ecabc3b837ea3cf6f38c6d1136f85cbaaf598984861466", size = 109391 }
wheels = [
    { url = "https://files.pythonhosted.org/packages/18/67/36e9267722cc04a6b9f15c7f3441c2363321a3ea07da7ae0c0707beb2a9c/typing_extensions-4.15.0-py3-none-any.whl", hash = "sha256:f0fa19c6845758ab08074a0cfa8b7aecb71c999ca73d62883bc25cc018c4e548", size = 44614 },
]

[[package]]
name = "typing-inspection"
version = "0.4.2"
source = { registry = "https://pypi.org/simple" }
dependencies = [
    { name = "typing-extensions" },
]
sdist = { url = "https://files.pythonhosted.org/packages/55/e3/70399cb7dd41c10ac53367ae42139cf4b1ca5f36bb3dc6c9d33acdb43655/typing_inspection-0.4.2.tar.gz", hash = "sha256:ba561c48a67c5958007083d386c3295464928b01faa735ab8547c5692e87f464", size = 75949 }
wheels = [
    { url = "https://files.pythonhosted.org/packages/dc/9b/47798a6c91d8bdb567fe2698fe81e0c6b7cb7ef4d13da4114b41d239f65d/typing_inspection-0.4.2-py3-none-any.whl", hash = "sha256:4ed1cacbdc298c220f1bd249ed5287caa16f34d44ef4e9c3d0cbad5b521545e7", size = 14611 },
]
